<?xml version="1.0" encoding="utf-8"?>
<Project ToolsVersion="4.0" xmlns="http://schemas.microsoft.com/developer/msbuild/2003">
  <ItemGroup>
    <Filter Include="Source Files">
      <UniqueIdentifier>{4FC737F1-C7A5-4376-A066-2A32D752A2FF}</UniqueIdentifier>
      <Extensions>cpp;c;cc;cxx;c++;cppm;ixx;def;odl;idl;hpj;bat;asm;asmx</Extensions>
    </Filter>
    <Filter Include="Header Files">
      <UniqueIdentifier>{93995380-89BD-4b04-88EB-625FBE52EBFB}</UniqueIdentifier>
      <Extensions>h;hh;hpp;hxx;h++;hm;inl;inc;ipp;xsd</Extensions>
    </Filter>
    <Filter Include="Resource Files">
      <UniqueIdentifier>{67DA6AB6-F800-4c08-8B7A-83BB121AAD01}</UniqueIdentifier>
      <Extensions>rc;ico;cur;bmp;dlg;rc2;rct;bin;rgs;gif;jpg;jpeg;jpe;resx;tiff;tif;png;wav;mfcribbon-ms</Extensions>
    </Filter>
    <Filter Include="Source Files\assimp">
      <UniqueIdentifier>{c2098439-42c2-4a6c-a6e3-20166aa15279}</UniqueIdentifier>
    </Filter>
    <Filter Include="Header Files\assimp">
      <UniqueIdentifier>{412cf81e-a899-45e6-bf29-d17f27844669}</UniqueIdentifier>
    </Filter>
    <Filter Include="Source Files\events">
      <UniqueIdentifier>{3c8c1b73-e4cd-47a9-a89d-1f2a79c350a7}</UniqueIdentifier>
    </Filter>
    <Filter Include="Header Files\events">
      <UniqueIdentifier>{52f95ffa-e522-4faa-a7f5-52164edb82b4}</UniqueIdentifier>
    </Filter>
    <Filter Include="Source Files\scene">
      <UniqueIdentifier>{0df62c1e-5bd4-4cc8-9a61-102dbcf38be7}</UniqueIdentifier>
    </Filter>
    <Filter Include="Header Files\scene">
      <UniqueIdentifier>{0c6cd141-ac36-4fa7-9636-2a27b0e964ae}</UniqueIdentifier>
    </Filter>
  </ItemGroup>
  <ItemGroup>
    <ClCompile Include="engine.cpp">
      <Filter>Source Files</Filter>
    </ClCompile>
    <ClCompile Include="callback.cpp">
      <Filter>Source Files</Filter>
    </ClCompile>
    <ClCompile Include="importer.cpp">
      <Filter>Source Files\assimp</Filter>
    </ClCompile>
    <ClCompile Include="key_event.cpp">
      <Filter>Source Files\events</Filter>
    </ClCompile>
    <ClCompile Include="frame_event.cpp">
      <Filter>Source Files\events</Filter>
    </ClCompile>
    <ClCompile Include="node.cpp">
      <Filter>Source Files\scene</Filter>
    </ClCompile>
    <ClCompile Include="mesh.cpp">
      <Filter>Source Files\scene</Filter>
    </ClCompile>
    <ClCompile Include="object.cpp">
      <Filter>Source Files\scene</Filter>
    </ClCompile>
    <ClCompile Include="scene.cpp">
      <Filter>Source Files\scene</Filter>
    </ClCompile>
    <ClCompile Include="texture.cpp">
      <Filter>Source Files\scene</Filter>
    </ClCompile>
    <ClCompile Include="material.cpp">
      <Filter>Source Files\scene</Filter>
    </ClCompile>
    <ClCompile Include="light.cpp">
      <Filter>Source Files\scene</Filter>
    </ClCompile>
    <ClCompile Include="camera.cpp">
      <Filter>Source Files\scene</Filter>
    </ClCompile>
  </ItemGroup>
  <ItemGroup>
    <ClInclude Include="engine.h">
      <Filter>Header Files</Filter>
    </ClInclude>
    <ClInclude Include="callback.h">
      <Filter>Header Files</Filter>
    </ClInclude>
    <ClInclude Include="importer.h">
      <Filter>Header Files\assimp</Filter>
    </ClInclude>
    <ClInclude Include="frame_event.h">
      <Filter>Header Files\events</Filter>
    </ClInclude>
    <ClInclude Include="key_event.h">
      <Filter>Header Files\events</Filter>
    </ClInclude>
    <ClInclude Include="texture.h">
      <Filter>Header Files\scene</Filter>
    </ClInclude>
    <ClInclude Include="scene.h">
      <Filter>Header Files\scene</Filter>
    </ClInclude>
    <ClInclude Include="object.h">
      <Filter>Header Files\scene</Filter>
    </ClInclude>
    <ClInclude Include="node.h">
      <Filter>Header Files\scene</Filter>
    </ClInclude>
    <ClInclude Include="mesh.h">
      <Filter>Header Files\scene</Filter>
    </ClInclude>
    <ClInclude Include="material.h">
      <Filter>Header Files\scene</Filter>
    </ClInclude>
    <ClInclude Include="light.h">
      <Filter>Header Files\scene</Filter>
    </ClInclude>
    <ClInclude Include="camera.h">
      <Filter>Header Files\scene</Filter>
    </ClInclude>
  </ItemGroup>
</Project>